
Microsoft Visual Studio Solution File, Format Version 12.00
# Visual Studio 15
VisualStudioVersion = 15.0.28010.2046
MinimumVisualStudioVersion = 10.0.40219.1
Project("{8BC9CEB8-8B4A-11D0-8D11-00A0C91BC942}") = "17037719CourseWork1", "17037719CourseWork1\17037719CourseWork1.vcxproj", "{79553BD1-3480-452D-9784-45DA7F6F020B}"
EndProject
Global
	GlobalSection(SolutionConfigurationPlatforms) = preSolution
		Debug|x64 = Debug|x64
		Debug|x86 = Debug|x86
		Release|x64 = Release|x64
		Release|x86 = Release|x86
	EndGlobalSection
	GlobalSection(ProjectConfigurationPlatforms) = postSolution
		{79553BD1-3480-452D-9784-45DA7F6F020B}.Debug|x64.ActiveCfg = Debug|x64
		{79553BD1-3480-452D-9784-45DA7F6F020B}.Debug|x64.Build.0 = Debug|x64
		{79553BD1-3480-452D-9784-45DA7F6F020B}.Debug|x86.ActiveCfg = Debug|Win32
		{79553BD1-3480-452D-9784-45DA7F6F020B}.Debug|x86.Build.0 = Debug|Win32
		{79553BD1-3480-452D-9784-45DA7F6F020B}.Release|x64.ActiveCfg = Release|x64
		{79553BD1-3480-452D-9784-45DA7F6F020B}.Release|x64.Build.0 = Release|x64
		{79553BD1-3480-452D-9784-45DA7F6F020B}.Release|x86.ActiveCfg = Release|Win32
		{79553BD1-3480-452D-9784-45DA7F6F020B}.Release|x86.Build.0 = Release|Win32
	EndGlobalSection
	GlobalSection(SolutionProperties) = preSolution
		HideSolutionNode = FALSE
	EndGlobalSection
	GlobalSection(ExtensibilityGlobals) = postSolution
		SolutionGuid = {07B945F7-3088-4C0C-8D00-396A1BA20AF6}
	EndGlobalSection
EndGlobal
